
Microsoft Visual Studio Solution File, Format Version 12.00
# Visual Studio Version 17
VisualStudioVersion = 17.3.32819.101
MinimumVisualStudioVersion = 10.0.40219.1
Project("{FAE04EC0-301F-11D3-BF4B-00C04F79EFBC}") = "Jungle", "Jungle\Jungle.csproj", "{BAF8E0D5-CBD0-46AB-AF8D-A7A37B8D9A0C}"
EndProject
Global
	GlobalSection(SolutionConfigurationPlatforms) = preSolution
		Debug|Any CPU = Debug|Any CPU
		Release|Any CPU = Release|Any CPU
	EndGlobalSection
	GlobalSection(ProjectConfigurationPlatforms) = postSolution
		{BAF8E0D5-CBD0-46AB-AF8D-A7A37B8D9A0C}.Debug|Any CPU.ActiveCfg = Debug|Any CPU
		{BAF8E0D5-CBD0-46AB-AF8D-A7A37B8D9A0C}.Debug|Any CPU.Build.0 = Debug|Any CPU
		{BAF8E0D5-CBD0-46AB-AF8D-A7A37B8D9A0C}.Release|Any CPU.ActiveCfg = Release|Any CPU
		{BAF8E0D5-CBD0-46AB-AF8D-A7A37B8D9A0C}.Release|Any CPU.Build.0 = Release|Any CPU
	EndGlobalSection
	GlobalSection(SolutionProperties) = preSolution
		HideSolutionNode = FALSE
	EndGlobalSection
	GlobalSection(ExtensibilityGlobals) = postSolution
		SolutionGuid = {26394716-98F9-45AE-ABCF-073A647BFBA6}
	EndGlobalSection
EndGlobal
